
Microsoft Visual Studio Solution File, Format Version 12.00
# Visual Studio Version 17
VisualStudioVersion = 17.2.32616.157
MinimumVisualStudioVersion = 10.0.40219.1
Project("{FAE04EC0-301F-11D3-BF4B-00C04F79EFBC}") = "Practice_task20", "Practice_task20.csproj", "{F496333D-E38E-40F7-BB1B-B67A3CF488DC}"
EndProject
Global
	GlobalSection(SolutionConfigurationPlatforms) = preSolution
		Debug|Any CPU = Debug|Any CPU
		Release|Any CPU = Release|Any CPU
	EndGlobalSection
	GlobalSection(ProjectConfigurationPlatforms) = postSolution
		{F496333D-E38E-40F7-BB1B-B67A3CF488DC}.Debug|Any CPU.ActiveCfg = Debug|Any CPU
		{F496333D-E38E-40F7-BB1B-B67A3CF488DC}.Debug|Any CPU.Build.0 = Debug|Any CPU
		{F496333D-E38E-40F7-BB1B-B67A3CF488DC}.Release|Any CPU.ActiveCfg = Release|Any CPU
		{F496333D-E38E-40F7-BB1B-B67A3CF488DC}.Release|Any CPU.Build.0 = Release|Any CPU
	EndGlobalSection
	GlobalSection(SolutionProperties) = preSolution
		HideSolutionNode = FALSE
	EndGlobalSection
	GlobalSection(ExtensibilityGlobals) = postSolution
		SolutionGuid = {A939B97F-F889-428F-B67D-90906B37B276}
	EndGlobalSection
EndGlobal
